
Microsoft Visual Studio Solution File, Format Version 12.00
# Visual Studio Version 17
VisualStudioVersion = 17.12.35527.113
MinimumVisualStudioVersion = 10.0.40219.1
Project("{9A19103F-16F7-4668-BE54-9A1E7A4F7556}") = "Neatoo", "Neatoo\Neatoo.csproj", "{91A0C8F4-8284-4E61-8F0A-3EF5F9257732}"
EndProject
Project("{2150E333-8FDC-42A3-9474-1A3956D46DE8}") = "Example", "Example", "{7558B8BE-EDFA-43F9-B120-533073E4F01C}"
EndProject
Project("{9A19103F-16F7-4668-BE54-9A1E7A4F7556}") = "Neatoo.UnitTest", "Neatoo.UnitTest\Neatoo.UnitTest.csproj", "{3B6C6D42-238B-4FBE-8823-ACD9CFC948E8}"
EndProject
Project("{9A19103F-16F7-4668-BE54-9A1E7A4F7556}") = "Neatoo.Newtonsoft.Json", "Neatoo.Newtonsoft.Json\Neatoo.Newtonsoft.Json.csproj", "{4236DF9E-7BD3-4D07-B3B7-15DB2A7F93C2}"
EndProject
Project("{9A19103F-16F7-4668-BE54-9A1E7A4F7556}") = "Neatoo.Netwonsoft.Json.Test", "Neatoo.Netwonsoft.Json.Test\Neatoo.Netwonsoft.Json.Test.csproj", "{28549357-D970-431D-8C48-83B0C333CAF4}"
EndProject
Project("{9A19103F-16F7-4668-BE54-9A1E7A4F7556}") = "Neatoo.Autofac", "Neatoo.Autofac\Neatoo.Autofac.csproj", "{8E3C2162-9946-477D-8992-66F0511D02F9}"
EndProject
Project("{FAE04EC0-301F-11D3-BF4B-00C04F79EFBC}") = "HorseBarn.lib", "HorseBarn.lib\HorseBarn.lib.csproj", "{E8A864BC-FA86-48B0-A4C2-C968C684C431}"
EndProject
Project("{FAE04EC0-301F-11D3-BF4B-00C04F79EFBC}") = "HorseBarn.lib.integration.tests", "HorseBarn.lib.integration.tests\HorseBarn.lib.integration.tests.csproj", "{A4171115-5F3C-48FA-828A-D6A69D85ADEA}"
EndProject
Project("{2150E333-8FDC-42A3-9474-1A3956D46DE8}") = "Solution Items", "Solution Items", "{1177F00B-E945-48C9-8328-D0D60C7BAF5C}"
	ProjectSection(SolutionItems) = preProject
		.editorconfig = .editorconfig
	EndProjectSection
EndProject
Project("{FAE04EC0-301F-11D3-BF4B-00C04F79EFBC}") = "HorseBarn.WPF", "HorseBarn.WPF\HorseBarn.WPF.csproj", "{73C71A5C-14A7-44A3-863C-A34C49552F79}"
EndProject
Project("{FAE04EC0-301F-11D3-BF4B-00C04F79EFBC}") = "HorseBarn.Lib.UnitTests", "HorseBarn.Lib.UnitTests\HorseBarn.Lib.UnitTests.csproj", "{4168F15F-A982-4BBA-9198-E787F60D4C45}"
EndProject
Project("{FAE04EC0-301F-11D3-BF4B-00C04F79EFBC}") = "HorseBarn.Server", "HorseBarn.Server\HorseBarn.Server.csproj", "{40681CD2-1B5A-4323-ADD8-2309C4652FBD}"
EndProject
Project("{FAE04EC0-301F-11D3-BF4B-00C04F79EFBC}") = "Neatoo.AspNet", "Neatoo.AspNet\Neatoo.AspNet.csproj", "{F479B2E0-32F1-4A09-ABA6-0D0BACECD58E}"
EndProject
Project("{FAE04EC0-301F-11D3-BF4B-00C04F79EFBC}") = "HorseBarn.Lib.Client", "HorseBarn.Lib.Client\HorseBarn.Lib.Client.csproj", "{B86A4B5C-0F54-4966-B802-348F9A30FF50}"
EndProject
Project("{FAE04EC0-301F-11D3-BF4B-00C04F79EFBC}") = "HorseBarn.Dal.Ef", "HorseBarn.Dal.Ef\HorseBarn.Dal.Ef.csproj", "{1393F4CE-CD11-4299-B51A-1F12D684D7DE}"
EndProject
Global
	GlobalSection(SolutionConfigurationPlatforms) = preSolution
		Debug|Any CPU = Debug|Any CPU
		Release|Any CPU = Release|Any CPU
	EndGlobalSection
	GlobalSection(ProjectConfigurationPlatforms) = postSolution
		{91A0C8F4-8284-4E61-8F0A-3EF5F9257732}.Debug|Any CPU.ActiveCfg = Debug|Any CPU
		{91A0C8F4-8284-4E61-8F0A-3EF5F9257732}.Debug|Any CPU.Build.0 = Debug|Any CPU
		{91A0C8F4-8284-4E61-8F0A-3EF5F9257732}.Release|Any CPU.ActiveCfg = Release|Any CPU
		{91A0C8F4-8284-4E61-8F0A-3EF5F9257732}.Release|Any CPU.Build.0 = Release|Any CPU
		{3B6C6D42-238B-4FBE-8823-ACD9CFC948E8}.Debug|Any CPU.ActiveCfg = Debug|Any CPU
		{3B6C6D42-238B-4FBE-8823-ACD9CFC948E8}.Debug|Any CPU.Build.0 = Debug|Any CPU
		{3B6C6D42-238B-4FBE-8823-ACD9CFC948E8}.Release|Any CPU.ActiveCfg = Release|Any CPU
		{3B6C6D42-238B-4FBE-8823-ACD9CFC948E8}.Release|Any CPU.Build.0 = Release|Any CPU
		{4236DF9E-7BD3-4D07-B3B7-15DB2A7F93C2}.Debug|Any CPU.ActiveCfg = Debug|Any CPU
		{4236DF9E-7BD3-4D07-B3B7-15DB2A7F93C2}.Debug|Any CPU.Build.0 = Debug|Any CPU
		{4236DF9E-7BD3-4D07-B3B7-15DB2A7F93C2}.Release|Any CPU.ActiveCfg = Release|Any CPU
		{4236DF9E-7BD3-4D07-B3B7-15DB2A7F93C2}.Release|Any CPU.Build.0 = Release|Any CPU
		{28549357-D970-431D-8C48-83B0C333CAF4}.Debug|Any CPU.ActiveCfg = Debug|Any CPU
		{28549357-D970-431D-8C48-83B0C333CAF4}.Debug|Any CPU.Build.0 = Debug|Any CPU
		{28549357-D970-431D-8C48-83B0C333CAF4}.Release|Any CPU.ActiveCfg = Release|Any CPU
		{28549357-D970-431D-8C48-83B0C333CAF4}.Release|Any CPU.Build.0 = Release|Any CPU
		{8E3C2162-9946-477D-8992-66F0511D02F9}.Debug|Any CPU.ActiveCfg = Debug|Any CPU
		{8E3C2162-9946-477D-8992-66F0511D02F9}.Debug|Any CPU.Build.0 = Debug|Any CPU
		{8E3C2162-9946-477D-8992-66F0511D02F9}.Release|Any CPU.ActiveCfg = Release|Any CPU
		{8E3C2162-9946-477D-8992-66F0511D02F9}.Release|Any CPU.Build.0 = Release|Any CPU
		{E8A864BC-FA86-48B0-A4C2-C968C684C431}.Debug|Any CPU.ActiveCfg = Debug|Any CPU
		{E8A864BC-FA86-48B0-A4C2-C968C684C431}.Debug|Any CPU.Build.0 = Debug|Any CPU
		{E8A864BC-FA86-48B0-A4C2-C968C684C431}.Release|Any CPU.ActiveCfg = Release|Any CPU
		{E8A864BC-FA86-48B0-A4C2-C968C684C431}.Release|Any CPU.Build.0 = Release|Any CPU
		{A4171115-5F3C-48FA-828A-D6A69D85ADEA}.Debug|Any CPU.ActiveCfg = Debug|Any CPU
		{A4171115-5F3C-48FA-828A-D6A69D85ADEA}.Debug|Any CPU.Build.0 = Debug|Any CPU
		{A4171115-5F3C-48FA-828A-D6A69D85ADEA}.Release|Any CPU.ActiveCfg = Release|Any CPU
		{A4171115-5F3C-48FA-828A-D6A69D85ADEA}.Release|Any CPU.Build.0 = Release|Any CPU
		{73C71A5C-14A7-44A3-863C-A34C49552F79}.Debug|Any CPU.ActiveCfg = Debug|Any CPU
		{73C71A5C-14A7-44A3-863C-A34C49552F79}.Debug|Any CPU.Build.0 = Debug|Any CPU
		{73C71A5C-14A7-44A3-863C-A34C49552F79}.Release|Any CPU.ActiveCfg = Release|Any CPU
		{73C71A5C-14A7-44A3-863C-A34C49552F79}.Release|Any CPU.Build.0 = Release|Any CPU
		{4168F15F-A982-4BBA-9198-E787F60D4C45}.Debug|Any CPU.ActiveCfg = Debug|Any CPU
		{4168F15F-A982-4BBA-9198-E787F60D4C45}.Debug|Any CPU.Build.0 = Debug|Any CPU
		{4168F15F-A982-4BBA-9198-E787F60D4C45}.Release|Any CPU.ActiveCfg = Release|Any CPU
		{4168F15F-A982-4BBA-9198-E787F60D4C45}.Release|Any CPU.Build.0 = Release|Any CPU
		{40681CD2-1B5A-4323-ADD8-2309C4652FBD}.Debug|Any CPU.ActiveCfg = Debug|Any CPU
		{40681CD2-1B5A-4323-ADD8-2309C4652FBD}.Debug|Any CPU.Build.0 = Debug|Any CPU
		{40681CD2-1B5A-4323-ADD8-2309C4652FBD}.Release|Any CPU.ActiveCfg = Release|Any CPU
		{40681CD2-1B5A-4323-ADD8-2309C4652FBD}.Release|Any CPU.Build.0 = Release|Any CPU
		{F479B2E0-32F1-4A09-ABA6-0D0BACECD58E}.Debug|Any CPU.ActiveCfg = Debug|Any CPU
		{F479B2E0-32F1-4A09-ABA6-0D0BACECD58E}.Debug|Any CPU.Build.0 = Debug|Any CPU
		{F479B2E0-32F1-4A09-ABA6-0D0BACECD58E}.Release|Any CPU.ActiveCfg = Release|Any CPU
		{F479B2E0-32F1-4A09-ABA6-0D0BACECD58E}.Release|Any CPU.Build.0 = Release|Any CPU
		{B86A4B5C-0F54-4966-B802-348F9A30FF50}.Debug|Any CPU.ActiveCfg = Debug|Any CPU
		{B86A4B5C-0F54-4966-B802-348F9A30FF50}.Debug|Any CPU.Build.0 = Debug|Any CPU
		{B86A4B5C-0F54-4966-B802-348F9A30FF50}.Release|Any CPU.ActiveCfg = Release|Any CPU
		{B86A4B5C-0F54-4966-B802-348F9A30FF50}.Release|Any CPU.Build.0 = Release|Any CPU
		{1393F4CE-CD11-4299-B51A-1F12D684D7DE}.Debug|Any CPU.ActiveCfg = Debug|Any CPU
		{1393F4CE-CD11-4299-B51A-1F12D684D7DE}.Debug|Any CPU.Build.0 = Debug|Any CPU
		{1393F4CE-CD11-4299-B51A-1F12D684D7DE}.Release|Any CPU.ActiveCfg = Release|Any CPU
		{1393F4CE-CD11-4299-B51A-1F12D684D7DE}.Release|Any CPU.Build.0 = Release|Any CPU
	EndGlobalSection
	GlobalSection(SolutionProperties) = preSolution
		HideSolutionNode = FALSE
	EndGlobalSection
	GlobalSection(NestedProjects) = preSolution
		{E8A864BC-FA86-48B0-A4C2-C968C684C431} = {7558B8BE-EDFA-43F9-B120-533073E4F01C}
		{A4171115-5F3C-48FA-828A-D6A69D85ADEA} = {7558B8BE-EDFA-43F9-B120-533073E4F01C}
		{73C71A5C-14A7-44A3-863C-A34C49552F79} = {7558B8BE-EDFA-43F9-B120-533073E4F01C}
		{4168F15F-A982-4BBA-9198-E787F60D4C45} = {7558B8BE-EDFA-43F9-B120-533073E4F01C}
		{40681CD2-1B5A-4323-ADD8-2309C4652FBD} = {7558B8BE-EDFA-43F9-B120-533073E4F01C}
		{B86A4B5C-0F54-4966-B802-348F9A30FF50} = {7558B8BE-EDFA-43F9-B120-533073E4F01C}
		{1393F4CE-CD11-4299-B51A-1F12D684D7DE} = {7558B8BE-EDFA-43F9-B120-533073E4F01C}
	EndGlobalSection
	GlobalSection(ExtensibilityGlobals) = postSolution
		SolutionGuid = {22595137-BA59-4B40-97E2-4BFF42A960E8}
	EndGlobalSection
EndGlobal
