Microsoft Visual Studio Solution File, Format Version 12.00
# Visual Studio Version 16
VisualStudioVersion = 16.0.0.0
MinimumVisualStudioVersion = 16.0.0.0
Project("{9A19103F-16F7-4668-BE54-9A1E7A4F7556}") = "AsyncBlazor", "AsyncBlazor\AsyncBlazor.csproj", "{1C5FF034-830F-40F6-B336-A92BA97DA9F7}"
EndProject
Project("{9A19103F-16F7-4668-BE54-9A1E7A4F7556}") = "AsyncBlazor.Client", "AsyncBlazor.Client\AsyncBlazor.Client.csproj", "{56F8A3E5-3C95-4467-B72F-459E89A498B3}"
EndProject
Global
	GlobalSection(SolutionConfigurationPlatforms) = preSolution
		Debug|Any CPU = Debug|Any CPU
		Debug|x64 = Debug|x64
		Debug|x86 = Debug|x86
		Release|Any CPU = Release|Any CPU
		Release|x64 = Release|x64
		Release|x86 = Release|x86
	EndGlobalSection
	GlobalSection(ProjectConfigurationPlatforms) = postSolution
		{56F8A3E5-3C95-4467-B72F-459E89A498B3}.Debug|Any CPU.ActiveCfg = Debug|Any CPU
		{56F8A3E5-3C95-4467-B72F-459E89A498B3}.Debug|Any CPU.Build.0 = Debug|Any CPU
		{56F8A3E5-3C95-4467-B72F-459E89A498B3}.Debug|x64.ActiveCfg = Debug|Any CPU
		{56F8A3E5-3C95-4467-B72F-459E89A498B3}.Debug|x64.Build.0 = Debug|Any CPU
		{56F8A3E5-3C95-4467-B72F-459E89A498B3}.Debug|x86.ActiveCfg = Debug|Any CPU
		{56F8A3E5-3C95-4467-B72F-459E89A498B3}.Debug|x86.Build.0 = Debug|Any CPU
		{56F8A3E5-3C95-4467-B72F-459E89A498B3}.Release|Any CPU.ActiveCfg = Release|Any CPU
		{56F8A3E5-3C95-4467-B72F-459E89A498B3}.Release|Any CPU.Build.0 = Release|Any CPU
		{56F8A3E5-3C95-4467-B72F-459E89A498B3}.Release|x64.ActiveCfg = Release|Any CPU
		{56F8A3E5-3C95-4467-B72F-459E89A498B3}.Release|x64.Build.0 = Release|Any CPU
		{56F8A3E5-3C95-4467-B72F-459E89A498B3}.Release|x86.ActiveCfg = Release|Any CPU
		{56F8A3E5-3C95-4467-B72F-459E89A498B3}.Release|x86.Build.0 = Release|Any CPU
		{1C5FF034-830F-40F6-B336-A92BA97DA9F7}.Debug|Any CPU.ActiveCfg = Debug|Any CPU
		{1C5FF034-830F-40F6-B336-A92BA97DA9F7}.Debug|Any CPU.Build.0 = Debug|Any CPU
		{1C5FF034-830F-40F6-B336-A92BA97DA9F7}.Debug|x64.ActiveCfg = Debug|Any CPU
		{1C5FF034-830F-40F6-B336-A92BA97DA9F7}.Debug|x64.Build.0 = Debug|Any CPU
		{1C5FF034-830F-40F6-B336-A92BA97DA9F7}.Debug|x86.ActiveCfg = Debug|Any CPU
		{1C5FF034-830F-40F6-B336-A92BA97DA9F7}.Debug|x86.Build.0 = Debug|Any CPU
		{1C5FF034-830F-40F6-B336-A92BA97DA9F7}.Release|Any CPU.ActiveCfg = Release|Any CPU
		{1C5FF034-830F-40F6-B336-A92BA97DA9F7}.Release|Any CPU.Build.0 = Release|Any CPU
		{1C5FF034-830F-40F6-B336-A92BA97DA9F7}.Release|x64.ActiveCfg = Release|Any CPU
		{1C5FF034-830F-40F6-B336-A92BA97DA9F7}.Release|x64.Build.0 = Release|Any CPU
		{1C5FF034-830F-40F6-B336-A92BA97DA9F7}.Release|x86.ActiveCfg = Release|Any CPU
		{1C5FF034-830F-40F6-B336-A92BA97DA9F7}.Release|x86.Build.0 = Release|Any CPU
	EndGlobalSection
	GlobalSection(SolutionProperties) = preSolution
		HideSolutionNode = FALSE
	EndGlobalSection
	GlobalSection(ExtensibilityGlobals) = postSolution
		SolutionGuid = {B0602EEB-8453-46D5-92DF-F649DCC975EB}
	EndGlobalSection
EndGlobal
